
Microsoft Visual Studio Solution File, Format Version 12.00
# Visual Studio Version 16
VisualStudioVersion = 16.0.30128.74
MinimumVisualStudioVersion = 10.0.40219.1
Project("{FAE04EC0-301F-11D3-BF4B-00C04F79EFBC}") = "Character Select Screen", "Character Select Screen.csproj", "{11BC6C48-FCFA-4C0F-B059-D480C844E107}"
EndProject
Global
	GlobalSection(SolutionConfigurationPlatforms) = preSolution
		Debug|Any CPU = Debug|Any CPU
		Release|Any CPU = Release|Any CPU
	EndGlobalSection
	GlobalSection(ProjectConfigurationPlatforms) = postSolution
		{11BC6C48-FCFA-4C0F-B059-D480C844E107}.Debug|Any CPU.ActiveCfg = Debug|Any CPU
		{11BC6C48-FCFA-4C0F-B059-D480C844E107}.Debug|Any CPU.Build.0 = Debug|Any CPU
		{11BC6C48-FCFA-4C0F-B059-D480C844E107}.Release|Any CPU.ActiveCfg = Release|Any CPU
		{11BC6C48-FCFA-4C0F-B059-D480C844E107}.Release|Any CPU.Build.0 = Release|Any CPU
	EndGlobalSection
	GlobalSection(SolutionProperties) = preSolution
		HideSolutionNode = FALSE
	EndGlobalSection
	GlobalSection(ExtensibilityGlobals) = postSolution
		SolutionGuid = {C453540A-0C2F-42B3-B65F-227C1C429575}
	EndGlobalSection
EndGlobal
